
Microsoft Visual Studio Solution File, Format Version 12.00
# Visual Studio Version 17
VisualStudioVersion = 17.1.32407.343
MinimumVisualStudioVersion = 10.0.40219.1
Project("{FAE04EC0-301F-11D3-BF4B-00C04F79EFBC}") = "blog", "blog\blog.csproj", "{AD707A50-4F95-49D3-9F09-7DD19602EF58}"
EndProject
Global
	GlobalSection(SolutionConfigurationPlatforms) = preSolution
		Debug|Any CPU = Debug|Any CPU
		Release|Any CPU = Release|Any CPU
	EndGlobalSection
	GlobalSection(ProjectConfigurationPlatforms) = postSolution
		{AD707A50-4F95-49D3-9F09-7DD19602EF58}.Debug|Any CPU.ActiveCfg = Debug|Any CPU
		{AD707A50-4F95-49D3-9F09-7DD19602EF58}.Debug|Any CPU.Build.0 = Debug|Any CPU
		{AD707A50-4F95-49D3-9F09-7DD19602EF58}.Release|Any CPU.ActiveCfg = Release|Any CPU
		{AD707A50-4F95-49D3-9F09-7DD19602EF58}.Release|Any CPU.Build.0 = Release|Any CPU
	EndGlobalSection
	GlobalSection(SolutionProperties) = preSolution
		HideSolutionNode = FALSE
	EndGlobalSection
	GlobalSection(ExtensibilityGlobals) = postSolution
		SolutionGuid = {B00DE07C-CF89-49A1-B655-37C327310307}
	EndGlobalSection
EndGlobal
